// !$*UTF8*$!
{
	archiveVersion = 1;
	classes = {
	};
	objectVersion = 52;
	objects = {

/* Begin PBXBuildFile section */
		2C07D308237DA50800F4D829 /* Record.swift in Sources */ = {isa = PBXBuildFile; fileRef = 2C07D307237DA50800F4D829 /* Record.swift */; };
		2C07D30A237DA53F00F4D829 /* SqliteDbStore+Crud.swift in Sources */ = {isa = PBXBuildFile; fileRef = 2C07D309237DA53F00F4D829 /* SqliteDbStore+Crud.swift */; };
		2C07D30C237DA58300F4D829 /* SqliteDbStore.swift in Sources */ = {isa = PBXBuildFile; fileRef = 2C07D30B237DA58300F4D829 /* SqliteDbStore.swift */; };
		2C16BF6523857B34004577C8 /* Profile.swift in Sources */ = {isa = PBXBuildFile; fileRef = 2C16BF6223857B34004577C8 /* Profile.swift */; };
		2C16BF6623857B34004577C8 /* Entity.swift in Sources */ = {isa = PBXBuildFile; fileRef = 2C16BF6323857B34004577C8 /* Entity.swift */; };
		2C16BF6723857B34004577C8 /* User.swift in Sources */ = {isa = PBXBuildFile; fileRef = 2C16BF6423857B34004577C8 /* User.swift */; };
		2CAAF1B62374612F00B108BE /* AppDelegate.swift in Sources */ = {isa = PBXBuildFile; fileRef = 2CAAF1B52374612F00B108BE /* AppDelegate.swift */; };
		2CAAF1B82374612F00B108BE /* SceneDelegate.swift in Sources */ = {isa = PBXBuildFile; fileRef = 2CAAF1B72374612F00B108BE /* SceneDelegate.swift */; };
		2CAAF1BA2374612F00B108BE /* LoginViewController.swift in Sources */ = {isa = PBXBuildFile; fileRef = 2CAAF1B92374612F00B108BE /* LoginViewController.swift */; };
		2CAAF1BD2374612F00B108BE /* Main.storyboard in Resources */ = {isa = PBXBuildFile; fileRef = 2CAAF1BB2374612F00B108BE /* Main.storyboard */; };
		2CAAF1BF2374613100B108BE /* Assets.xcassets in Resources */ = {isa = PBXBuildFile; fileRef = 2CAAF1BE2374613100B108BE /* Assets.xcassets */; };
		2CAAF1C22374613100B108BE /* LaunchScreen.storyboard in Resources */ = {isa = PBXBuildFile; fileRef = 2CAAF1C02374613100B108BE /* LaunchScreen.storyboard */; };
		2CAAF1CB23746C3200B108BE /* ColorsTheme.xcassets in Resources */ = {isa = PBXBuildFile; fileRef = 2CAAF1CA23746C3200B108BE /* ColorsTheme.xcassets */; };
		5D540904237C40AA0020144D /* SpinnerView.swift in Sources */ = {isa = PBXBuildFile; fileRef = 5D540903237C40AA0020144D /* SpinnerView.swift */; };
		5D58E58A2386D58600FA7407 /* MyProfileViewController.swift in Sources */ = {isa = PBXBuildFile; fileRef = 5D58E5892386D58600FA7407 /* MyProfileViewController.swift */; };
		5D91B9962375B5C200BCDCA0 /* RegisterViewController.swift in Sources */ = {isa = PBXBuildFile; fileRef = 5D91B9952375B5C200BCDCA0 /* RegisterViewController.swift */; };
		5D91B9982375B5EE00BCDCA0 /* ForgotYourPasswordViewController.swift in Sources */ = {isa = PBXBuildFile; fileRef = 5D91B9972375B5EE00BCDCA0 /* ForgotYourPasswordViewController.swift */; };
		5DA6482E237A0DB100FF23DD /* KeychainAccess in Frameworks */ = {isa = PBXBuildFile; productRef = 5DA6482D237A0DB100FF23DD /* KeychainAccess */; };
		5DAA7CC9237DC5E300FB7423 /* MainTabBarController.swift in Sources */ = {isa = PBXBuildFile; fileRef = 5DAA7CC8237DC5E300FB7423 /* MainTabBarController.swift */; };
		5DAA7CCB237DC79600FB7423 /* Constants.swift in Sources */ = {isa = PBXBuildFile; fileRef = 5DAA7CCA237DC79600FB7423 /* Constants.swift */; };
		5DAA7CCD237DCEDE00FB7423 /* DashboardViewController.swift in Sources */ = {isa = PBXBuildFile; fileRef = 5DAA7CCC237DCEDE00FB7423 /* DashboardViewController.swift */; };
/* End PBXBuildFile section */

/* Begin PBXFileReference section */
		2C07D307237DA50800F4D829 /* Record.swift */ = {isa = PBXFileReference; lastKnownFileType = sourcecode.swift; path = Record.swift; sourceTree = "<group>"; };
		2C07D309237DA53F00F4D829 /* SqliteDbStore+Crud.swift */ = {isa = PBXFileReference; lastKnownFileType = sourcecode.swift; path = "SqliteDbStore+Crud.swift"; sourceTree = "<group>"; };
		2C07D30B237DA58300F4D829 /* SqliteDbStore.swift */ = {isa = PBXFileReference; lastKnownFileType = sourcecode.swift; path = SqliteDbStore.swift; sourceTree = "<group>"; };
		2C16BF6223857B34004577C8 /* Profile.swift */ = {isa = PBXFileReference; fileEncoding = 4; lastKnownFileType = sourcecode.swift; path = Profile.swift; sourceTree = "<group>"; };
		2C16BF6323857B34004577C8 /* Entity.swift */ = {isa = PBXFileReference; fileEncoding = 4; lastKnownFileType = sourcecode.swift; path = Entity.swift; sourceTree = "<group>"; };
		2C16BF6423857B34004577C8 /* User.swift */ = {isa = PBXFileReference; fileEncoding = 4; lastKnownFileType = sourcecode.swift; path = User.swift; sourceTree = "<group>"; };
		2CAAF1B22374612F00B108BE /* ContactMe.app */ = {isa = PBXFileReference; explicitFileType = wrapper.application; includeInIndex = 0; path = ContactMe.app; sourceTree = BUILT_PRODUCTS_DIR; };
		2CAAF1B52374612F00B108BE /* AppDelegate.swift */ = {isa = PBXFileReference; lastKnownFileType = sourcecode.swift; path = AppDelegate.swift; sourceTree = "<group>"; };
		2CAAF1B72374612F00B108BE /* SceneDelegate.swift */ = {isa = PBXFileReference; lastKnownFileType = sourcecode.swift; path = SceneDelegate.swift; sourceTree = "<group>"; };
		2CAAF1B92374612F00B108BE /* LoginViewController.swift */ = {isa = PBXFileReference; lastKnownFileType = sourcecode.swift; path = LoginViewController.swift; sourceTree = "<group>"; };
		2CAAF1BC2374612F00B108BE /* Base */ = {isa = PBXFileReference; lastKnownFileType = file.storyboard; name = Base; path = Base.lproj/Main.storyboard; sourceTree = "<group>"; };
		2CAAF1BE2374613100B108BE /* Assets.xcassets */ = {isa = PBXFileReference; lastKnownFileType = folder.assetcatalog; path = Assets.xcassets; sourceTree = "<group>"; };
		2CAAF1C12374613100B108BE /* Base */ = {isa = PBXFileReference; lastKnownFileType = file.storyboard; name = Base; path = Base.lproj/LaunchScreen.storyboard; sourceTree = "<group>"; };
		2CAAF1C32374613100B108BE /* Info.plist */ = {isa = PBXFileReference; lastKnownFileType = text.plist.xml; path = Info.plist; sourceTree = "<group>"; };
		2CAAF1CA23746C3200B108BE /* ColorsTheme.xcassets */ = {isa = PBXFileReference; lastKnownFileType = folder.assetcatalog; path = ColorsTheme.xcassets; sourceTree = "<group>"; };
		5D540903237C40AA0020144D /* SpinnerView.swift */ = {isa = PBXFileReference; lastKnownFileType = sourcecode.swift; path = SpinnerView.swift; sourceTree = "<group>"; };
		5D58E5892386D58600FA7407 /* MyProfileViewController.swift */ = {isa = PBXFileReference; lastKnownFileType = sourcecode.swift; path = MyProfileViewController.swift; sourceTree = "<group>"; };
		5D91B9952375B5C200BCDCA0 /* RegisterViewController.swift */ = {isa = PBXFileReference; lastKnownFileType = sourcecode.swift; path = RegisterViewController.swift; sourceTree = "<group>"; };
		5D91B9972375B5EE00BCDCA0 /* ForgotYourPasswordViewController.swift */ = {isa = PBXFileReference; lastKnownFileType = sourcecode.swift; path = ForgotYourPasswordViewController.swift; sourceTree = "<group>"; };
		5DAA7CC8237DC5E300FB7423 /* MainTabBarController.swift */ = {isa = PBXFileReference; lastKnownFileType = sourcecode.swift; path = MainTabBarController.swift; sourceTree = "<group>"; };
		5DAA7CCA237DC79600FB7423 /* Constants.swift */ = {isa = PBXFileReference; lastKnownFileType = sourcecode.swift; path = Constants.swift; sourceTree = "<group>"; };
		5DAA7CCC237DCEDE00FB7423 /* DashboardViewController.swift */ = {isa = PBXFileReference; lastKnownFileType = sourcecode.swift; path = DashboardViewController.swift; sourceTree = "<group>"; };
/* End PBXFileReference section */

/* Begin PBXFrameworksBuildPhase section */
		2CAAF1AF2374612F00B108BE /* Frameworks */ = {
			isa = PBXFrameworksBuildPhase;
			buildActionMask = 2147483647;
			files = (
				5DA6482E237A0DB100FF23DD /* KeychainAccess in Frameworks */,
			);
			runOnlyForDeploymentPostprocessing = 0;
		};
/* End PBXFrameworksBuildPhase section */

/* Begin PBXGroup section */
		2C07D305237DA4BC00F4D829 /* Models */ = {
			isa = PBXGroup;
			children = (
				2C16BF6323857B34004577C8 /* Entity.swift */,
				2C16BF6223857B34004577C8 /* Profile.swift */,
				2C16BF6423857B34004577C8 /* User.swift */,
				2C07D307237DA50800F4D829 /* Record.swift */,
			);
			path = Models;
			sourceTree = "<group>";
		};
		2C07D306237DA4EE00F4D829 /* Infraestructure */ = {
			isa = PBXGroup;
			children = (
				2C07D309237DA53F00F4D829 /* SqliteDbStore+Crud.swift */,
				2C07D30B237DA58300F4D829 /* SqliteDbStore.swift */,
			);
			path = Infraestructure;
			sourceTree = "<group>";
		};
		2CAAF1A92374612F00B108BE = {
			isa = PBXGroup;
			children = (
				2CAAF1B42374612F00B108BE /* ContactMe */,
				2CAAF1B32374612F00B108BE /* Products */,
			);
			sourceTree = "<group>";
		};
		2CAAF1B32374612F00B108BE /* Products */ = {
			isa = PBXGroup;
			children = (
				2CAAF1B22374612F00B108BE /* ContactMe.app */,
			);
			name = Products;
			sourceTree = "<group>";
		};
		2CAAF1B42374612F00B108BE /* ContactMe */ = {
			isa = PBXGroup;
			children = (
				5D58E5882386D36100FA7407 /* View Controllers */,
				2C07D306237DA4EE00F4D829 /* Infraestructure */,
				2C07D305237DA4BC00F4D829 /* Models */,
				5D27F3F1237C65870001B99E /* Custom Controls */,
				2CAAF1C923746BEB00B108BE /* Assets */,
				2CAAF1B52374612F00B108BE /* AppDelegate.swift */,
				2CAAF1B72374612F00B108BE /* SceneDelegate.swift */,
				2CAAF1BB2374612F00B108BE /* Main.storyboard */,
				2CAAF1BE2374613100B108BE /* Assets.xcassets */,
				2CAAF1C02374613100B108BE /* LaunchScreen.storyboard */,
				2CAAF1C32374613100B108BE /* Info.plist */,
				5DAA7CC8237DC5E300FB7423 /* MainTabBarController.swift */,
				5DAA7CCA237DC79600FB7423 /* Constants.swift */,
			);
			path = ContactMe;
			sourceTree = "<group>";
		};
		2CAAF1C923746BEB00B108BE /* Assets */ = {
			isa = PBXGroup;
			children = (
				2CAAF1CA23746C3200B108BE /* ColorsTheme.xcassets */,
			);
			path = Assets;
			sourceTree = "<group>";
		};
		5D27F3F1237C65870001B99E /* Custom Controls */ = {
			isa = PBXGroup;
			children = (
				5D540903237C40AA0020144D /* SpinnerView.swift */,
			);
			path = "Custom Controls";
			sourceTree = "<group>";
		};
		5D58E5882386D36100FA7407 /* View Controllers */ = {
			isa = PBXGroup;
			children = (
				5DAA7CCC237DCEDE00FB7423 /* DashboardViewController.swift */,
				5D91B9952375B5C200BCDCA0 /* RegisterViewController.swift */,
				5D91B9972375B5EE00BCDCA0 /* ForgotYourPasswordViewController.swift */,
				2CAAF1B92374612F00B108BE /* LoginViewController.swift */,
				5D58E5892386D58600FA7407 /* MyProfileViewController.swift */,
			);
			path = "View Controllers";
			sourceTree = "<group>";
		};
/* End PBXGroup section */

/* Begin PBXNativeTarget section */
		2CAAF1B12374612F00B108BE /* ContactMe */ = {
			isa = PBXNativeTarget;
			buildConfigurationList = 2CAAF1C62374613100B108BE /* Build configuration list for PBXNativeTarget "ContactMe" */;
			buildPhases = (
				2CAAF1AE2374612F00B108BE /* Sources */,
				2CAAF1AF2374612F00B108BE /* Frameworks */,
				2CAAF1B02374612F00B108BE /* Resources */,
			);
			buildRules = (
			);
			dependencies = (
			);
			name = ContactMe;
			packageProductDependencies = (
				5DA6482D237A0DB100FF23DD /* KeychainAccess */,
			);
			productName = ContactMe;
			productReference = 2CAAF1B22374612F00B108BE /* ContactMe.app */;
			productType = "com.apple.product-type.application";
		};
/* End PBXNativeTarget section */

/* Begin PBXProject section */
		2CAAF1AA2374612F00B108BE /* Project object */ = {
			isa = PBXProject;
			attributes = {
				LastSwiftUpdateCheck = 1100;
				LastUpgradeCheck = 1100;
				ORGANIZATIONNAME = "IPL-Master";
				TargetAttributes = {
					2CAAF1B12374612F00B108BE = {
						CreatedOnToolsVersion = 11.0;
					};
				};
			};
			buildConfigurationList = 2CAAF1AD2374612F00B108BE /* Build configuration list for PBXProject "ContactMe" */;
			compatibilityVersion = "Xcode 9.3";
			developmentRegion = en;
			hasScannedForEncodings = 0;
			knownRegions = (
				en,
				Base,
			);
			mainGroup = 2CAAF1A92374612F00B108BE;
			packageReferences = (
				5DA6482C237A0DB000FF23DD /* XCRemoteSwiftPackageReference "KeychainAccess" */,
			);
			productRefGroup = 2CAAF1B32374612F00B108BE /* Products */;
			projectDirPath = "";
			projectRoot = "";
			targets = (
				2CAAF1B12374612F00B108BE /* ContactMe */,
			);
		};
/* End PBXProject section */

/* Begin PBXResourcesBuildPhase section */
		2CAAF1B02374612F00B108BE /* Resources */ = {
			isa = PBXResourcesBuildPhase;
			buildActionMask = 2147483647;
			files = (
				2CAAF1C22374613100B108BE /* LaunchScreen.storyboard in Resources */,
				2CAAF1CB23746C3200B108BE /* ColorsTheme.xcassets in Resources */,
				2CAAF1BF2374613100B108BE /* Assets.xcassets in Resources */,
				2CAAF1BD2374612F00B108BE /* Main.storyboard in Resources */,
			);
			runOnlyForDeploymentPostprocessing = 0;
		};
/* End PBXResourcesBuildPhase section */

/* Begin PBXSourcesBuildPhase section */
		2CAAF1AE2374612F00B108BE /* Sources */ = {
			isa = PBXSourcesBuildPhase;
			buildActionMask = 2147483647;
			files = (
				2CAAF1BA2374612F00B108BE /* LoginViewController.swift in Sources */,
				2C07D30C237DA58300F4D829 /* SqliteDbStore.swift in Sources */,
				2C16BF6623857B34004577C8 /* Entity.swift in Sources */,
				5D91B9982375B5EE00BCDCA0 /* ForgotYourPasswordViewController.swift in Sources */,
				2C16BF6523857B34004577C8 /* Profile.swift in Sources */,
				5DAA7CC9237DC5E300FB7423 /* MainTabBarController.swift in Sources */,
				2CAAF1B62374612F00B108BE /* AppDelegate.swift in Sources */,
				5DAA7CCD237DCEDE00FB7423 /* DashboardViewController.swift in Sources */,
				2C16BF6723857B34004577C8 /* User.swift in Sources */,
				2CAAF1B82374612F00B108BE /* SceneDelegate.swift in Sources */,
				5D91B9962375B5C200BCDCA0 /* RegisterViewController.swift in Sources */,
				2C07D30A237DA53F00F4D829 /* SqliteDbStore+Crud.swift in Sources */,
				2C07D308237DA50800F4D829 /* Record.swift in Sources */,
				5D540904237C40AA0020144D /* SpinnerView.swift in Sources */,
				5D58E58A2386D58600FA7407 /* MyProfileViewController.swift in Sources */,
				5DAA7CCB237DC79600FB7423 /* Constants.swift in Sources */,
			);
			runOnlyForDeploymentPostprocessing = 0;
		};
/* End PBXSourcesBuildPhase section */

/* Begin PBXVariantGroup section */
		2CAAF1BB2374612F00B108BE /* Main.storyboard */ = {
			isa = PBXVariantGroup;
			children = (
				2CAAF1BC2374612F00B108BE /* Base */,
			);
			name = Main.storyboard;
			sourceTree = "<group>";
		};
		2CAAF1C02374613100B108BE /* LaunchScreen.storyboard */ = {
			isa = PBXVariantGroup;
			children = (
				2CAAF1C12374613100B108BE /* Base */,
			);
			name = LaunchScreen.storyboard;
			sourceTree = "<group>";
		};
/* End PBXVariantGroup section */

/* Begin XCBuildConfiguration section */
		2CAAF1C42374613100B108BE /* Debug */ = {
			isa = XCBuildConfiguration;
			buildSettings = {
				ALWAYS_SEARCH_USER_PATHS = NO;
				CLANG_ANALYZER_NONNULL = YES;
				CLANG_ANALYZER_NUMBER_OBJECT_CONVERSION = YES_AGGRESSIVE;
				CLANG_CXX_LANGUAGE_STANDARD = "gnu++14";
				CLANG_CXX_LIBRARY = "libc++";
				CLANG_ENABLE_MODULES = YES;
				CLANG_ENABLE_OBJC_ARC = YES;
				CLANG_ENABLE_OBJC_WEAK = YES;
				CLANG_WARN_BLOCK_CAPTURE_AUTORELEASING = YES;
				CLANG_WARN_BOOL_CONVERSION = YES;
				CLANG_WARN_COMMA = YES;
				CLANG_WARN_CONSTANT_CONVERSION = YES;
				CLANG_WARN_DEPRECATED_OBJC_IMPLEMENTATIONS = YES;
				CLANG_WARN_DIRECT_OBJC_ISA_USAGE = YES_ERROR;
				CLANG_WARN_DOCUMENTATION_COMMENTS = YES;
				CLANG_WARN_EMPTY_BODY = YES;
				CLANG_WARN_ENUM_CONVERSION = YES;
				CLANG_WARN_INFINITE_RECURSION = YES;
				CLANG_WARN_INT_CONVERSION = YES;
				CLANG_WARN_NON_LITERAL_NULL_CONVERSION = YES;
				CLANG_WARN_OBJC_IMPLICIT_RETAIN_SELF = YES;
				CLANG_WARN_OBJC_LITERAL_CONVERSION = YES;
				CLANG_WARN_OBJC_ROOT_CLASS = YES_ERROR;
				CLANG_WARN_RANGE_LOOP_ANALYSIS = YES;
				CLANG_WARN_STRICT_PROTOTYPES = YES;
				CLANG_WARN_SUSPICIOUS_MOVE = YES;
				CLANG_WARN_UNGUARDED_AVAILABILITY = YES_AGGRESSIVE;
				CLANG_WARN_UNREACHABLE_CODE = YES;
				CLANG_WARN__DUPLICATE_METHOD_MATCH = YES;
				COPY_PHASE_STRIP = NO;
				DEBUG_INFORMATION_FORMAT = dwarf;
				ENABLE_STRICT_OBJC_MSGSEND = YES;
				ENABLE_TESTABILITY = YES;
				GCC_C_LANGUAGE_STANDARD = gnu11;
				GCC_DYNAMIC_NO_PIC = NO;
				GCC_NO_COMMON_BLOCKS = YES;
				GCC_OPTIMIZATION_LEVEL = 0;
				GCC_PREPROCESSOR_DEFINITIONS = (
					"DEBUG=1",
					"$(inherited)",
				);
				GCC_WARN_64_TO_32_BIT_CONVERSION = YES;
				GCC_WARN_ABOUT_RETURN_TYPE = YES_ERROR;
				GCC_WARN_UNDECLARED_SELECTOR = YES;
				GCC_WARN_UNINITIALIZED_AUTOS = YES_AGGRESSIVE;
				GCC_WARN_UNUSED_FUNCTION = YES;
				GCC_WARN_UNUSED_VARIABLE = YES;
				IPHONEOS_DEPLOYMENT_TARGET = 13.0;
				MTL_ENABLE_DEBUG_INFO = INCLUDE_SOURCE;
				MTL_FAST_MATH = YES;
				ONLY_ACTIVE_ARCH = YES;
				SDKROOT = iphoneos;
				SWIFT_ACTIVE_COMPILATION_CONDITIONS = DEBUG;
				SWIFT_OPTIMIZATION_LEVEL = "-Onone";
			};
			name = Debug;
		};
		2CAAF1C52374613100B108BE /* Release */ = {
			isa = XCBuildConfiguration;
			buildSettings = {
				ALWAYS_SEARCH_USER_PATHS = NO;
				CLANG_ANALYZER_NONNULL = YES;
				CLANG_ANALYZER_NUMBER_OBJECT_CONVERSION = YES_AGGRESSIVE;
				CLANG_CXX_LANGUAGE_STANDARD = "gnu++14";
				CLANG_CXX_LIBRARY = "libc++";
				CLANG_ENABLE_MODULES = YES;
				CLANG_ENABLE_OBJC_ARC = YES;
				CLANG_ENABLE_OBJC_WEAK = YES;
				CLANG_WARN_BLOCK_CAPTURE_AUTORELEASING = YES;
				CLANG_WARN_BOOL_CONVERSION = YES;
				CLANG_WARN_COMMA = YES;
				CLANG_WARN_CONSTANT_CONVERSION = YES;
				CLANG_WARN_DEPRECATED_OBJC_IMPLEMENTATIONS = YES;
				CLANG_WARN_DIRECT_OBJC_ISA_USAGE = YES_ERROR;
				CLANG_WARN_DOCUMENTATION_COMMENTS = YES;
				CLANG_WARN_EMPTY_BODY = YES;
				CLANG_WARN_ENUM_CONVERSION = YES;
				CLANG_WARN_INFINITE_RECURSION = YES;
				CLANG_WARN_INT_CONVERSION = YES;
				CLANG_WARN_NON_LITERAL_NULL_CONVERSION = YES;
				CLANG_WARN_OBJC_IMPLICIT_RETAIN_SELF = YES;
				CLANG_WARN_OBJC_LITERAL_CONVERSION = YES;
				CLANG_WARN_OBJC_ROOT_CLASS = YES_ERROR;
				CLANG_WARN_RANGE_LOOP_ANALYSIS = YES;
				CLANG_WARN_STRICT_PROTOTYPES = YES;
				CLANG_WARN_SUSPICIOUS_MOVE = YES;
				CLANG_WARN_UNGUARDED_AVAILABILITY = YES_AGGRESSIVE;
				CLANG_WARN_UNREACHABLE_CODE = YES;
				CLANG_WARN__DUPLICATE_METHOD_MATCH = YES;
				COPY_PHASE_STRIP = NO;
				DEBUG_INFORMATION_FORMAT = "dwarf-with-dsym";
				ENABLE_NS_ASSERTIONS = NO;
				ENABLE_STRICT_OBJC_MSGSEND = YES;
				GCC_C_LANGUAGE_STANDARD = gnu11;
				GCC_NO_COMMON_BLOCKS = YES;
				GCC_WARN_64_TO_32_BIT_CONVERSION = YES;
				GCC_WARN_ABOUT_RETURN_TYPE = YES_ERROR;
				GCC_WARN_UNDECLARED_SELECTOR = YES;
				GCC_WARN_UNINITIALIZED_AUTOS = YES_AGGRESSIVE;
				GCC_WARN_UNUSED_FUNCTION = YES;
				GCC_WARN_UNUSED_VARIABLE = YES;
				IPHONEOS_DEPLOYMENT_TARGET = 13.0;
				MTL_ENABLE_DEBUG_INFO = NO;
				MTL_FAST_MATH = YES;
				SDKROOT = iphoneos;
				SWIFT_COMPILATION_MODE = wholemodule;
				SWIFT_OPTIMIZATION_LEVEL = "-O";
				VALIDATE_PRODUCT = YES;
			};
			name = Release;
		};
		2CAAF1C72374613100B108BE /* Debug */ = {
			isa = XCBuildConfiguration;
			buildSettings = {
				ASSETCATALOG_COMPILER_APPICON_NAME = AppIcon;
				CODE_SIGN_STYLE = Automatic;
				INFOPLIST_FILE = ContactMe/Info.plist;
				LD_RUNPATH_SEARCH_PATHS = (
					"$(inherited)",
					"@executable_path/Frameworks",
				);
				PRODUCT_BUNDLE_IDENTIFIER = com.iplmaster.ContactMe;
				PRODUCT_NAME = "$(TARGET_NAME)";
				SWIFT_VERSION = 5.0;
				TARGETED_DEVICE_FAMILY = "1,2";
			};
			name = Debug;
		};
		2CAAF1C82374613100B108BE /* Release */ = {
			isa = XCBuildConfiguration;
			buildSettings = {
				ASSETCATALOG_COMPILER_APPICON_NAME = AppIcon;
				CODE_SIGN_STYLE = Automatic;
				INFOPLIST_FILE = ContactMe/Info.plist;
				LD_RUNPATH_SEARCH_PATHS = (
					"$(inherited)",
					"@executable_path/Frameworks",
				);
				PRODUCT_BUNDLE_IDENTIFIER = com.iplmaster.ContactMe;
				PRODUCT_NAME = "$(TARGET_NAME)";
				SWIFT_VERSION = 5.0;
				TARGETED_DEVICE_FAMILY = "1,2";
			};
			name = Release;
		};
/* End XCBuildConfiguration section */

/* Begin XCConfigurationList section */
		2CAAF1AD2374612F00B108BE /* Build configuration list for PBXProject "ContactMe" */ = {
			isa = XCConfigurationList;
			buildConfigurations = (
				2CAAF1C42374613100B108BE /* Debug */,
				2CAAF1C52374613100B108BE /* Release */,
			);
			defaultConfigurationIsVisible = 0;
			defaultConfigurationName = Release;
		};
		2CAAF1C62374613100B108BE /* Build configuration list for PBXNativeTarget "ContactMe" */ = {
			isa = XCConfigurationList;
			buildConfigurations = (
				2CAAF1C72374613100B108BE /* Debug */,
				2CAAF1C82374613100B108BE /* Release */,
			);
			defaultConfigurationIsVisible = 0;
			defaultConfigurationName = Release;
		};
/* End XCConfigurationList section */

/* Begin XCRemoteSwiftPackageReference section */
		5DA6482C237A0DB000FF23DD /* XCRemoteSwiftPackageReference "KeychainAccess" */ = {
			isa = XCRemoteSwiftPackageReference;
			repositoryURL = "https://github.com/kishikawakatsumi/KeychainAccess.git";
			requirement = {
				kind = upToNextMajorVersion;
				minimumVersion = 4.1.0;
			};
		};
/* End XCRemoteSwiftPackageReference section */

/* Begin XCSwiftPackageProductDependency section */
		5DA6482D237A0DB100FF23DD /* KeychainAccess */ = {
			isa = XCSwiftPackageProductDependency;
			package = 5DA6482C237A0DB000FF23DD /* XCRemoteSwiftPackageReference "KeychainAccess" */;
			productName = KeychainAccess;
		};
/* End XCSwiftPackageProductDependency section */
	};
	rootObject = 2CAAF1AA2374612F00B108BE /* Project object */;
}
